PODS:
  - Thrift (0.13.0)

DEPENDENCIES:
  - Thrift (from `https://github.com/apache/thrift.git`, tag `v0.13.0`)

EXTERNAL SOURCES:
  Thrift:
    :git: https://github.com/apache/thrift.git
    :tag: v0.13.0

CHECKOUT OPTIONS:
  Thrift:
    :git: https://github.com/apache/thrift.git
    :tag: v0.13.0

SPEC CHECKSUMS:
  Thrift: bade70323444affe9ad3b109cb57440d6e9980cd

PODFILE CHECKSUM: f18ed72bbc64af2bab8ad6fb808028a7d09e6a86

COCOAPODS: 1.9.1
